{
  "nodes": {
    "flake-parts": {
      "inputs": {
        "nixpkgs-lib": "nixpkgs-lib"
      },
      "locked": {
        "lastModified": 1738453229,
        "narHash": "sha256-7H9XgNiGLKN1G1CgRh0vUL4AheZSYzPm+zmZ7vxbJdo=",
        "owner": "hercules-ci",
        "repo": "flake-parts",
        "rev": "32ea77a06711b758da0ad9bd6a844c5740a87abd",
        "type": "github"
      },
      "original": {
        "owner": "hercules-ci",
        "repo": "flake-parts",
        "type": "github"
      }
    },
    "flake-utils": {
      "inputs": {
        "systems": [
          "systems"
        ]
      },
      "locked": {
        "lastModified": 1731533236,
        "narHash": "sha256-l0KFg5HjrsfsO/JpG+r7fRrqm12kzFHyUHqHCVpMMbI=",
        "owner": "numtide",
        "repo": "flake-utils",
        "rev": "11707dc2f618dd54ca8739b309ec4fc024de578b",
        "type": "github"
      },
      "original": {
        "owner": "numtide",
        "repo": "flake-utils",
        "type": "github"
      }
    },
    "home-manager": {
      "inputs": {
        "nixpkgs": [
          "nixpkgs"
        ]
      },
      "locked": {
        "lastModified": 1740796616,
        "narHash": "sha256-JU97wIfRxeFN6rpTsUVCwWAdix+Wka4Or23907YIrFI=",
        "owner": "nix-community",
        "repo": "home-manager",
        "rev": "f0b5e7e8a75abdea32bbff09ddd7b6eeb4b9b445",
        "type": "github"
      },
      "original": {
        "owner": "nix-community",
        "repo": "home-manager",
        "type": "github"
      }
    },
    "home-manager-diff": {
      "inputs": {
        "flake-parts": [
          "flake-parts"
        ],
        "flake-utils": [
          "flake-utils"
        ],
        "nixpkgs": [
          "nixpkgs"
        ],
        "poetry2nix": "poetry2nix",
        "systems": [
          "systems"
        ]
      },
      "locked": {
        "lastModified": 1739885114,
        "narHash": "sha256-25U1k6+ZCBZILym0YlQu8gba1xFViH+hJDlNVLLnV6g=",
        "owner": "pedorich-n",
        "repo": "home-manager-diff",
        "rev": "23c730cd0cbcc30f6a3094b4e2db2715f26a5220",
        "type": "github"
      },
      "original": {
        "owner": "pedorich-n",
        "repo": "home-manager-diff",
        "type": "github"
      }
    },
    "nix-vscode-extensions": {
      "inputs": {
        "flake-utils": [
          "flake-utils"
        ],
        "nixpkgs": [
          "nixpkgs"
        ]
      },
      "locked": {
        "lastModified": 1741398301,
        "narHash": "sha256-1rbcLal90f8bfF1hcmXA9PRNtHG5aK83eWIlQA5bP4A=",
        "owner": "nix-community",
        "repo": "nix-vscode-extensions",
        "rev": "b745699e15781fd84d125408f0a5712d7873c0a8",
        "type": "github"
      },
      "original": {
        "owner": "nix-community",
        "repo": "nix-vscode-extensions",
        "type": "github"
      }
    },
    "nixpkgs": {
      "locked": {
        "lastModified": 1740547748,
        "narHash": "sha256-Ly2fBL1LscV+KyCqPRufUBuiw+zmWrlJzpWOWbahplg=",
        "owner": "nixos",
        "repo": "nixpkgs",
        "rev": "3a05eebede89661660945da1f151959900903b6a",
        "type": "github"
      },
      "original": {
        "owner": "nixos",
        "ref": "nixpkgs-unstable",
        "repo": "nixpkgs",
        "type": "github"
      }
    },
    "nixpkgs-lib": {
      "locked": {
        "lastModified": 1738452942,
        "narHash": "sha256-vJzFZGaCpnmo7I6i416HaBLpC+hvcURh/BQwROcGIp8=",
        "type": "tarball",
        "url": "https://github.com/NixOS/nixpkgs/archive/072a6db25e947df2f31aab9eccd0ab75d5b2da11.tar.gz"
      },
      "original": {
        "type": "tarball",
        "url": "https://github.com/NixOS/nixpkgs/archive/072a6db25e947df2f31aab9eccd0ab75d5b2da11.tar.gz"
      }
    },
    "nixpkgs-nix": {
      "locked": {
        "lastModified": 1730735745,
        "narHash": "sha256-NjoafRvrkYXurHxzs2kcoQ6HBkO/9fV/rmjRy9nkLd0=",
        "owner": "nixos",
        "repo": "nixpkgs",
        "rev": "a61cd8ff1b45f760bdf142914d517e0ccd31ffed",
        "type": "github"
      },
      "original": {
        "owner": "nixos",
        "repo": "nixpkgs",
        "rev": "a61cd8ff1b45f760bdf142914d517e0ccd31ffed",
        "type": "github"
      }
    },
    "poetry2nix": {
      "inputs": {
        "flake-utils": [
          "home-manager-diff",
          "flake-utils"
        ],
        "nix-github-actions": [
          "home-manager-diff"
        ],
        "nixpkgs": [
          "home-manager-diff",
          "nixpkgs"
        ],
        "systems": [
          "home-manager-diff",
          "systems"
        ],
        "treefmt-nix": [
          "home-manager-diff"
        ]
      },
      "locked": {
        "lastModified": 1736884309,
        "narHash": "sha256-eiCqmKl0BIRiYk5/ZhZozwn4/7Km9CWTbc15Cv+VX5k=",
        "owner": "nix-community",
        "repo": "poetry2nix",
        "rev": "75d0515332b7ca269f6d7abfd2c44c47a7cbca7b",
        "type": "github"
      },
      "original": {
        "owner": "nix-community",
        "repo": "poetry2nix",
        "type": "github"
      }
    },
    "root": {
      "inputs": {
        "flake-parts": "flake-parts",
        "flake-utils": "flake-utils",
        "home-manager": "home-manager",
        "home-manager-diff": "home-manager-diff",
        "nix-vscode-extensions": "nix-vscode-extensions",
        "nixpkgs": "nixpkgs",
        "nixpkgs-nix": "nixpkgs-nix",
        "rust-overlay": "rust-overlay",
        "systems": "systems",
        "tomorrow-theme-source": "tomorrow-theme-source"
      }
    },
    "rust-overlay": {
      "inputs": {
        "nixpkgs": [
          "nixpkgs"
        ]
      },
      "locked": {
        "lastModified": 1740796337,
        "narHash": "sha256-FuoXrXZPoJEZQ3PF7t85tEpfBVID9JQIOnVKMNfTAb0=",
        "owner": "oxalica",
        "repo": "rust-overlay",
        "rev": "bbac9527bc6b28b6330b13043d0e76eac11720dc",
        "type": "github"
      },
      "original": {
        "owner": "oxalica",
        "repo": "rust-overlay",
        "type": "github"
      }
    },
    "systems": {
      "locked": {
        "lastModified": 1689347949,
        "narHash": "sha256-12tWmuL2zgBgZkdoB6qXZsgJEH9LR3oUgpaQq2RbI80=",
        "owner": "nix-systems",
        "repo": "default-linux",
        "rev": "31732fcf5e8fea42e59c2488ad31a0e651500f68",
        "type": "github"
      },
      "original": {
        "owner": "nix-systems",
        "repo": "default-linux",
        "type": "github"
      }
    },
    "tomorrow-theme-source": {
      "flake": false,
      "locked": {
        "lastModified": 1657362863,
        "narHash": "sha256-G9NOFKP9GX8lKIoHVska6xAY9AKKMenZuVkx0YgfQyA=",
        "owner": "chriskempson",
        "repo": "tomorrow-theme",
        "rev": "ccf6666d888198d341b26b3a99d0bc96500ad503",
        "type": "github"
      },
      "original": {
        "owner": "chriskempson",
        "repo": "tomorrow-theme",
        "type": "github"
      }
    }
  },
  "root": "root",
  "version": 7
}
