{
  "nodes": {
    "flake-utils": {
      "locked": {
        "lastModified": 1667395993,
        "narHash": "sha256-nuEHfE/LcWyuSWnS8t12N1wc105Qtau+/OdUAjtQ0rA=",
        "owner": "numtide",
        "repo": "flake-utils",
        "rev": "5aed5285a952e0b949eb3ba02c12fa4fcfef535f",
        "type": "github"
      },
      "original": {
        "owner": "numtide",
        "repo": "flake-utils",
        "type": "github"
      }
    },
    "home-manager": {
      "inputs": {
        "nixpkgs": [
          "nixpkgs"
        ],
        "utils": "utils"
      },
      "locked": {
        "lastModified": 1674477719,
        "narHash": "sha256-tciutt7rulypHZfbXp2j+5K6exyVAtsxF2//2J9BSvI=",
        "owner": "nix-community",
        "repo": "home-manager",
        "rev": "ab25abf9e5c07b3c90d78aa06c44a4085ecba003",
        "type": "github"
      },
      "original": {
        "owner": "nix-community",
        "repo": "home-manager",
        "type": "github"
      }
    },
    "nix-formatter-pack": {
      "inputs": {
        "nixpkgs": "nixpkgs",
        "nmd": "nmd",
        "nmt": "nmt"
      },
      "locked": {
        "lastModified": 1675780392,
        "narHash": "sha256-DcCQCqUN0FrKgoBx2kY71MTIpq3gRtHgqeIbir5l+7M=",
        "owner": "Gerschtli",
        "repo": "nix-formatter-pack",
        "rev": "cbc823fe9373557fa45025f1fe78e349eed48c50",
        "type": "github"
      },
      "original": {
        "owner": "Gerschtli",
        "repo": "nix-formatter-pack",
        "type": "github"
      }
    },
    "nixpkgs": {
      "locked": {
        "lastModified": 1669933672,
        "narHash": "sha256-9nzaATSTmEMpTrx+7j3vVwQkcpu9JMkQ1M08iPtu7m4=",
        "owner": "NixOS",
        "repo": "nixpkgs",
        "rev": "da12bb299b2941299b1de24fbd92c5dd35de40e9",
        "type": "github"
      },
      "original": {
        "owner": "NixOS",
        "ref": "release-22.11",
        "repo": "nixpkgs",
        "type": "github"
      }
    },
    "nixpkgs-unstable": {
      "locked": {
        "lastModified": 1674211260,
        "narHash": "sha256-xU6Rv9sgnwaWK7tgCPadV6HhI2Y/fl4lKxJoG2+m9qs=",
        "owner": "nixos",
        "repo": "nixpkgs",
        "rev": "5ed481943351e9fd354aeb557679624224de38d5",
        "type": "github"
      },
      "original": {
        "owner": "nixos",
        "ref": "nixos-unstable",
        "repo": "nixpkgs",
        "type": "github"
      }
    },
    "nixpkgs_2": {
      "locked": {
        "lastModified": 1674242456,
        "narHash": "sha256-yBy7rCH7EiBe9+CHZm9YB5ii5GRa+MOxeW0oDEBO8SE=",
        "owner": "nixos",
        "repo": "nixpkgs",
        "rev": "cdead16a444a3e5de7bc9b0af8e198b11bb01804",
        "type": "github"
      },
      "original": {
        "owner": "nixos",
        "ref": "nixos-22.11",
        "repo": "nixpkgs",
        "type": "github"
      }
    },
    "nmd": {
      "flake": false,
      "locked": {
        "lastModified": 1666190571,
        "narHash": "sha256-Z1hc7M9X6L+H83o9vOprijpzhTfOBjd0KmUTnpHAVjA=",
        "owner": "rycee",
        "repo": "nmd",
        "rev": "b75d312b4f33bd3294cd8ae5c2ca8c6da2afc169",
        "type": "gitlab"
      },
      "original": {
        "owner": "rycee",
        "repo": "nmd",
        "type": "gitlab"
      }
    },
    "nmt": {
      "flake": false,
      "locked": {
        "lastModified": 1648075362,
        "narHash": "sha256-u36WgzoA84dMVsGXzml4wZ5ckGgfnvS0ryzo/3zn/Pc=",
        "owner": "rycee",
        "repo": "nmt",
        "rev": "d83601002c99b78c89ea80e5e6ba21addcfe12ae",
        "type": "gitlab"
      },
      "original": {
        "owner": "rycee",
        "repo": "nmt",
        "type": "gitlab"
      }
    },
    "pyenv-flake": {
      "flake": false,
      "locked": {
        "lastModified": 1675357288,
        "narHash": "sha256-4fU182sAqLC9azoHDxkrhBoGJqz4jtJ+BzNLR9hznCY=",
        "owner": "pyenv",
        "repo": "pyenv",
        "rev": "c8c324afb42040ac41a71311eb8ccdaf259c7798",
        "type": "github"
      },
      "original": {
        "owner": "pyenv",
        "repo": "pyenv",
        "type": "github"
      }
    },
    "root": {
      "inputs": {
        "flake-utils": "flake-utils",
        "home-manager": "home-manager",
        "nix-formatter-pack": "nix-formatter-pack",
        "nixpkgs": "nixpkgs_2",
        "nixpkgs-unstable": "nixpkgs-unstable",
        "pyenv-flake": "pyenv-flake",
        "tomorrow-night-flake": "tomorrow-night-flake",
        "zsh-snap-flake": "zsh-snap-flake"
      }
    },
    "tomorrow-night-flake": {
      "flake": false,
      "locked": {
        "lastModified": 1657362863,
        "narHash": "sha256-G9NOFKP9GX8lKIoHVska6xAY9AKKMenZuVkx0YgfQyA=",
        "owner": "chriskempson",
        "repo": "tomorrow-theme",
        "rev": "ccf6666d888198d341b26b3a99d0bc96500ad503",
        "type": "github"
      },
      "original": {
        "owner": "chriskempson",
        "repo": "tomorrow-theme",
        "type": "github"
      }
    },
    "utils": {
      "locked": {
        "lastModified": 1667395993,
        "narHash": "sha256-nuEHfE/LcWyuSWnS8t12N1wc105Qtau+/OdUAjtQ0rA=",
        "owner": "numtide",
        "repo": "flake-utils",
        "rev": "5aed5285a952e0b949eb3ba02c12fa4fcfef535f",
        "type": "github"
      },
      "original": {
        "owner": "numtide",
        "repo": "flake-utils",
        "type": "github"
      }
    },
    "zsh-snap-flake": {
      "flake": false,
      "locked": {
        "lastModified": 1675777300,
        "narHash": "sha256-Spyw6mvppVadnYdGgmpEwwFpu0L5unykFbpzv6iHHBM=",
        "owner": "marlonrichert",
        "repo": "zsh-snap",
        "rev": "9b8edd89c2b2303ffa253c5116a97d9138e0831d",
        "type": "github"
      },
      "original": {
        "owner": "marlonrichert",
        "repo": "zsh-snap",
        "type": "github"
      }
    }
  },
  "root": "root",
  "version": 7
}
